
Microsoft Visual Studio Solution File, Format Version 12.00
# Visual Studio Version 17
VisualStudioVersion = 17.4.33213.308
MinimumVisualStudioVersion = 10.0.40219.1
Project("{FAE04EC0-301F-11D3-BF4B-00C04F79EFBC}") = "T19 Collection", "T19 Collection.csproj", "{FEE3397D-177E-4563-A2C5-5FBD297A1370}"
EndProject
Global
	GlobalSection(SolutionConfigurationPlatforms) = preSolution
		Debug|Any CPU = Debug|Any CPU
		Release|Any CPU = Release|Any CPU
	EndGlobalSection
	GlobalSection(ProjectConfigurationPlatforms) = postSolution
		{FEE3397D-177E-4563-A2C5-5FBD297A1370}.Debug|Any CPU.ActiveCfg = Debug|Any CPU
		{FEE3397D-177E-4563-A2C5-5FBD297A1370}.Debug|Any CPU.Build.0 = Debug|Any CPU
		{FEE3397D-177E-4563-A2C5-5FBD297A1370}.Release|Any CPU.ActiveCfg = Release|Any CPU
		{FEE3397D-177E-4563-A2C5-5FBD297A1370}.Release|Any CPU.Build.0 = Release|Any CPU
	EndGlobalSection
	GlobalSection(SolutionProperties) = preSolution
		HideSolutionNode = FALSE
	EndGlobalSection
	GlobalSection(ExtensibilityGlobals) = postSolution
		SolutionGuid = {B02ECB2A-A0E8-459C-ACA4-19750F85181B}
	EndGlobalSection
EndGlobal
