
Microsoft Visual Studio Solution File, Format Version 12.00
# Visual Studio Version 17
VisualStudioVersion = 17.4.33213.308
MinimumVisualStudioVersion = 10.0.40219.1
Project("{FAE04EC0-301F-11D3-BF4B-00C04F79EFBC}") = "T5 Names", "T5 Names.csproj", "{CC341068-AD33-4D63-B4D0-1B46A237C68F}"
EndProject
Global
	GlobalSection(SolutionConfigurationPlatforms) = preSolution
		Debug|Any CPU = Debug|Any CPU
		Release|Any CPU = Release|Any CPU
	EndGlobalSection
	GlobalSection(ProjectConfigurationPlatforms) = postSolution
		{CC341068-AD33-4D63-B4D0-1B46A237C68F}.Debug|Any CPU.ActiveCfg = Debug|Any CPU
		{CC341068-AD33-4D63-B4D0-1B46A237C68F}.Debug|Any CPU.Build.0 = Debug|Any CPU
		{CC341068-AD33-4D63-B4D0-1B46A237C68F}.Release|Any CPU.ActiveCfg = Release|Any CPU
		{CC341068-AD33-4D63-B4D0-1B46A237C68F}.Release|Any CPU.Build.0 = Release|Any CPU
	EndGlobalSection
	GlobalSection(SolutionProperties) = preSolution
		HideSolutionNode = FALSE
	EndGlobalSection
	GlobalSection(ExtensibilityGlobals) = postSolution
		SolutionGuid = {854AA378-7FF8-418D-B27B-D355915F5730}
	EndGlobalSection
EndGlobal
