
Microsoft Visual Studio Solution File, Format Version 12.00
# Visual Studio 2017
Project("{FAE04EC0-301F-11D3-BF4B-00C04F79EFBC}") = "Robby 1.2", "Robby 1.2.csproj", "{4485C7D4-5E9F-5CCB-BAD3-52FB39CA7A32}"
EndProject
Global
	GlobalSection(SolutionConfigurationPlatforms) = preSolution
		Debug|Any CPU = Debug|Any CPU
		Release|Any CPU = Release|Any CPU
	EndGlobalSection
	GlobalSection(ProjectConfigurationPlatforms) = postSolution
		{4485C7D4-5E9F-5CCB-BAD3-52FB39CA7A32}.Debug|Any CPU.ActiveCfg = Debug|Any CPU
		{4485C7D4-5E9F-5CCB-BAD3-52FB39CA7A32}.Debug|Any CPU.Build.0 = Debug|Any CPU
		{4485C7D4-5E9F-5CCB-BAD3-52FB39CA7A32}.Release|Any CPU.ActiveCfg = Release|Any CPU
		{4485C7D4-5E9F-5CCB-BAD3-52FB39CA7A32}.Release|Any CPU.Build.0 = Release|Any CPU
	EndGlobalSection
	GlobalSection(SolutionProperties) = preSolution
		HideSolutionNode = FALSE
	EndGlobalSection
EndGlobal
